// !$*UTF8*$!
{
	archiveVersion = 1;
	classes = {
	};
	objectVersion = 55;
	objects = {

/* Begin PBXBuildFile section */
		4D44BC64282DCFB300C5A1EE /* MoneyBuddyApp.swift in Sources */ = {isa = PBXBuildFile; fileRef = 4D44BC63282DCFB300C5A1EE /* MoneyBuddyApp.swift */; };
		4D5A692628274A1500076931 /* ChartView.swift in Sources */ = {isa = PBXBuildFile; fileRef = 4D5A692528274A1500076931 /* ChartView.swift */; };
		4DA9F21F282195EA00F41F27 /* ContentView.swift in Sources */ = {isa = PBXBuildFile; fileRef = 4DA9F21E282195EA00F41F27 /* ContentView.swift */; };
		4DA9F221282195ED00F41F27 /* Assets.xcassets in Resources */ = {isa = PBXBuildFile; fileRef = 4DA9F220282195ED00F41F27 /* Assets.xcassets */; };
		4DA9F224282195ED00F41F27 /* Preview Assets.xcassets in Resources */ = {isa = PBXBuildFile; fileRef = 4DA9F223282195ED00F41F27 /* Preview Assets.xcassets */; };
		4DA9F22E282195ED00F41F27 /* MoneyBuddyTests.swift in Sources */ = {isa = PBXBuildFile; fileRef = 4DA9F22D282195ED00F41F27 /* MoneyBuddyTests.swift */; };
		4DA9F238282195ED00F41F27 /* MoneyBuddyUITests.swift in Sources */ = {isa = PBXBuildFile; fileRef = 4DA9F237282195ED00F41F27 /* MoneyBuddyUITests.swift */; };
		4DA9F23A282195ED00F41F27 /* MoneyBuddyUITestsLaunchTests.swift in Sources */ = {isa = PBXBuildFile; fileRef = 4DA9F239282195ED00F41F27 /* MoneyBuddyUITestsLaunchTests.swift */; };
		4DDB4CFE282DE95F00DE1EC6 /* TitleScreenView.swift in Sources */ = {isa = PBXBuildFile; fileRef = 4DDB4CFD282DE95F00DE1EC6 /* TitleScreenView.swift */; };
		552AB49828219884007B6531 /* MonthView.swift in Sources */ = {isa = PBXBuildFile; fileRef = 552AB49728219884007B6531 /* MonthView.swift */; };
		552AB49C282198AE007B6531 /* AddExpenditureView.swift in Sources */ = {isa = PBXBuildFile; fileRef = 552AB49B282198AE007B6531 /* AddExpenditureView.swift */; };
		552AB49E282198C0007B6531 /* ModelData.swift in Sources */ = {isa = PBXBuildFile; fileRef = 552AB49D282198C0007B6531 /* ModelData.swift */; };
		6C31B2D72827074C003F2AAD /* ExpenditureView.swift in Sources */ = {isa = PBXBuildFile; fileRef = 6C31B2D62827074C003F2AAD /* ExpenditureView.swift */; };
		6C31B2D9282717BA003F2AAD /* ExpenditureListView.swift in Sources */ = {isa = PBXBuildFile; fileRef = 6C31B2D8282717BA003F2AAD /* ExpenditureListView.swift */; };
/* End PBXBuildFile section */

/* Begin PBXContainerItemProxy section */
		4DA9F22A282195ED00F41F27 /* PBXContainerItemProxy */ = {
			isa = PBXContainerItemProxy;
			containerPortal = 4DA9F211282195EA00F41F27 /* Project object */;
			proxyType = 1;
			remoteGlobalIDString = 4DA9F218282195EA00F41F27;
			remoteInfo = MoneyBuddy;
		};
		4DA9F234282195ED00F41F27 /* PBXContainerItemProxy */ = {
			isa = PBXContainerItemProxy;
			containerPortal = 4DA9F211282195EA00F41F27 /* Project object */;
			proxyType = 1;
			remoteGlobalIDString = 4DA9F218282195EA00F41F27;
			remoteInfo = MoneyBuddy;
		};
/* End PBXContainerItemProxy section */

/* Begin PBXFileReference section */
		4D44BC63282DCFB300C5A1EE /* MoneyBuddyApp.swift */ = {isa = PBXFileReference; lastKnownFileType = sourcecode.swift; path = MoneyBuddyApp.swift; sourceTree = "<group>"; };
		4D5A692528274A1500076931 /* ChartView.swift */ = {isa = PBXFileReference; lastKnownFileType = sourcecode.swift; path = ChartView.swift; sourceTree = "<group>"; };
		4DA9F219282195EA00F41F27 /* MoneyBuddy.app */ = {isa = PBXFileReference; explicitFileType = wrapper.application; includeInIndex = 0; path = MoneyBuddy.app; sourceTree = BUILT_PRODUCTS_DIR; };
		4DA9F21E282195EA00F41F27 /* ContentView.swift */ = {isa = PBXFileReference; lastKnownFileType = sourcecode.swift; path = ContentView.swift; sourceTree = "<group>"; };
		4DA9F220282195ED00F41F27 /* Assets.xcassets */ = {isa = PBXFileReference; lastKnownFileType = folder.assetcatalog; path = Assets.xcassets; sourceTree = "<group>"; };
		4DA9F223282195ED00F41F27 /* Preview Assets.xcassets */ = {isa = PBXFileReference; lastKnownFileType = folder.assetcatalog; path = "Preview Assets.xcassets"; sourceTree = "<group>"; };
		4DA9F229282195ED00F41F27 /* MoneyBuddyTests.xctest */ = {isa = PBXFileReference; explicitFileType = wrapper.cfbundle; includeInIndex = 0; path = MoneyBuddyTests.xctest; sourceTree = BUILT_PRODUCTS_DIR; };
		4DA9F22D282195ED00F41F27 /* MoneyBuddyTests.swift */ = {isa = PBXFileReference; lastKnownFileType = sourcecode.swift; path = MoneyBuddyTests.swift; sourceTree = "<group>"; };
		4DA9F233282195ED00F41F27 /* MoneyBuddyUITests.xctest */ = {isa = PBXFileReference; explicitFileType = wrapper.cfbundle; includeInIndex = 0; path = MoneyBuddyUITests.xctest; sourceTree = BUILT_PRODUCTS_DIR; };
		4DA9F237282195ED00F41F27 /* MoneyBuddyUITests.swift */ = {isa = PBXFileReference; lastKnownFileType = sourcecode.swift; path = MoneyBuddyUITests.swift; sourceTree = "<group>"; };
		4DA9F239282195ED00F41F27 /* MoneyBuddyUITestsLaunchTests.swift */ = {isa = PBXFileReference; lastKnownFileType = sourcecode.swift; path = MoneyBuddyUITestsLaunchTests.swift; sourceTree = "<group>"; };
		4DDB4CFD282DE95F00DE1EC6 /* TitleScreenView.swift */ = {isa = PBXFileReference; lastKnownFileType = sourcecode.swift; path = TitleScreenView.swift; sourceTree = "<group>"; };
		552AB49728219884007B6531 /* MonthView.swift */ = {isa = PBXFileReference; lastKnownFileType = sourcecode.swift; path = MonthView.swift; sourceTree = "<group>"; };
		552AB49B282198AE007B6531 /* AddExpenditureView.swift */ = {isa = PBXFileReference; lastKnownFileType = sourcecode.swift; path = AddExpenditureView.swift; sourceTree = "<group>"; };
		552AB49D282198C0007B6531 /* ModelData.swift */ = {isa = PBXFileReference; lastKnownFileType = sourcecode.swift; path = ModelData.swift; sourceTree = "<group>"; };
		6C31B2D62827074C003F2AAD /* ExpenditureView.swift */ = {isa = PBXFileReference; lastKnownFileType = sourcecode.swift; path = ExpenditureView.swift; sourceTree = "<group>"; };
		6C31B2D8282717BA003F2AAD /* ExpenditureListView.swift */ = {isa = PBXFileReference; lastKnownFileType = sourcecode.swift; path = ExpenditureListView.swift; sourceTree = "<group>"; };
/* End PBXFileReference section */

/* Begin PBXFrameworksBuildPhase section */
		4DA9F216282195EA00F41F27 /* Frameworks */ = {
			isa = PBXFrameworksBuildPhase;
			buildActionMask = 2147483647;
			files = (
			);
			runOnlyForDeploymentPostprocessing = 0;
		};
		4DA9F226282195ED00F41F27 /* Frameworks */ = {
			isa = PBXFrameworksBuildPhase;
			buildActionMask = 2147483647;
			files = (
			);
			runOnlyForDeploymentPostprocessing = 0;
		};
		4DA9F230282195ED00F41F27 /* Frameworks */ = {
			isa = PBXFrameworksBuildPhase;
			buildActionMask = 2147483647;
			files = (
			);
			runOnlyForDeploymentPostprocessing = 0;
		};
/* End PBXFrameworksBuildPhase section */

/* Begin PBXGroup section */
		4DA9F210282195EA00F41F27 = {
			isa = PBXGroup;
			children = (
				4DA9F21B282195EA00F41F27 /* MoneyBuddy */,
				4DA9F22C282195ED00F41F27 /* MoneyBuddyTests */,
				4DA9F236282195ED00F41F27 /* MoneyBuddyUITests */,
				4DA9F21A282195EA00F41F27 /* Products */,
			);
			sourceTree = "<group>";
		};
		4DA9F21A282195EA00F41F27 /* Products */ = {
			isa = PBXGroup;
			children = (
				4DA9F219282195EA00F41F27 /* MoneyBuddy.app */,
				4DA9F229282195ED00F41F27 /* MoneyBuddyTests.xctest */,
				4DA9F233282195ED00F41F27 /* MoneyBuddyUITests.xctest */,
			);
			name = Products;
			sourceTree = "<group>";
		};
		4DA9F21B282195EA00F41F27 /* MoneyBuddy */ = {
			isa = PBXGroup;
			children = (
				6C31B2D62827074C003F2AAD /* ExpenditureView.swift */,
				6C31B2D8282717BA003F2AAD /* ExpenditureListView.swift */,
				4DA9F21E282195EA00F41F27 /* ContentView.swift */,
				552AB49728219884007B6531 /* MonthView.swift */,
				4D44BC63282DCFB300C5A1EE /* MoneyBuddyApp.swift */,
				552AB49B282198AE007B6531 /* AddExpenditureView.swift */,
				552AB49D282198C0007B6531 /* ModelData.swift */,
				4DDB4CFD282DE95F00DE1EC6 /* TitleScreenView.swift */,
				4DA9F220282195ED00F41F27 /* Assets.xcassets */,
				4D5A692528274A1500076931 /* ChartView.swift */,
				4DA9F222282195ED00F41F27 /* Preview Content */,
			);
			path = MoneyBuddy;
			sourceTree = "<group>";
		};
		4DA9F222282195ED00F41F27 /* Preview Content */ = {
			isa = PBXGroup;
			children = (
				4DA9F223282195ED00F41F27 /* Preview Assets.xcassets */,
			);
			path = "Preview Content";
			sourceTree = "<group>";
		};
		4DA9F22C282195ED00F41F27 /* MoneyBuddyTests */ = {
			isa = PBXGroup;
			children = (
				4DA9F22D282195ED00F41F27 /* MoneyBuddyTests.swift */,
			);
			path = MoneyBuddyTests;
			sourceTree = "<group>";
		};
		4DA9F236282195ED00F41F27 /* MoneyBuddyUITests */ = {
			isa = PBXGroup;
			children = (
				4DA9F237282195ED00F41F27 /* MoneyBuddyUITests.swift */,
				4DA9F239282195ED00F41F27 /* MoneyBuddyUITestsLaunchTests.swift */,
			);
			path = MoneyBuddyUITests;
			sourceTree = "<group>";
		};
/* End PBXGroup section */

/* Begin PBXNativeTarget section */
		4DA9F218282195EA00F41F27 /* MoneyBuddy */ = {
			isa = PBXNativeTarget;
			buildConfigurationList = 4DA9F23D282195ED00F41F27 /* Build configuration list for PBXNativeTarget "MoneyBuddy" */;
			buildPhases = (
				4DA9F215282195EA00F41F27 /* Sources */,
				4DA9F216282195EA00F41F27 /* Frameworks */,
				4DA9F217282195EA00F41F27 /* Resources */,
			);
			buildRules = (
			);
			dependencies = (
			);
			name = MoneyBuddy;
			productName = MoneyBuddy;
			productReference = 4DA9F219282195EA00F41F27 /* MoneyBuddy.app */;
			productType = "com.apple.product-type.application";
		};
		4DA9F228282195ED00F41F27 /* MoneyBuddyTests */ = {
			isa = PBXNativeTarget;
			buildConfigurationList = 4DA9F240282195ED00F41F27 /* Build configuration list for PBXNativeTarget "MoneyBuddyTests" */;
			buildPhases = (
				4DA9F225282195ED00F41F27 /* Sources */,
				4DA9F226282195ED00F41F27 /* Frameworks */,
				4DA9F227282195ED00F41F27 /* Resources */,
			);
			buildRules = (
			);
			dependencies = (
				4DA9F22B282195ED00F41F27 /* PBXTargetDependency */,
			);
			name = MoneyBuddyTests;
			productName = MoneyBuddyTests;
			productReference = 4DA9F229282195ED00F41F27 /* MoneyBuddyTests.xctest */;
			productType = "com.apple.product-type.bundle.unit-test";
		};
		4DA9F232282195ED00F41F27 /* MoneyBuddyUITests */ = {
			isa = PBXNativeTarget;
			buildConfigurationList = 4DA9F243282195ED00F41F27 /* Build configuration list for PBXNativeTarget "MoneyBuddyUITests" */;
			buildPhases = (
				4DA9F22F282195ED00F41F27 /* Sources */,
				4DA9F230282195ED00F41F27 /* Frameworks */,
				4DA9F231282195ED00F41F27 /* Resources */,
			);
			buildRules = (
			);
			dependencies = (
				4DA9F235282195ED00F41F27 /* PBXTargetDependency */,
			);
			name = MoneyBuddyUITests;
			productName = MoneyBuddyUITests;
			productReference = 4DA9F233282195ED00F41F27 /* MoneyBuddyUITests.xctest */;
			productType = "com.apple.product-type.bundle.ui-testing";
		};
/* End PBXNativeTarget section */

/* Begin PBXProject section */
		4DA9F211282195EA00F41F27 /* Project object */ = {
			isa = PBXProject;
			attributes = {
				BuildIndependentTargetsInParallel = 1;
				LastSwiftUpdateCheck = 1320;
				LastUpgradeCheck = 1320;
				TargetAttributes = {
					4DA9F218282195EA00F41F27 = {
						CreatedOnToolsVersion = 13.2.1;
					};
					4DA9F228282195ED00F41F27 = {
						CreatedOnToolsVersion = 13.2.1;
						TestTargetID = 4DA9F218282195EA00F41F27;
					};
					4DA9F232282195ED00F41F27 = {
						CreatedOnToolsVersion = 13.2.1;
						TestTargetID = 4DA9F218282195EA00F41F27;
					};
				};
			};
			buildConfigurationList = 4DA9F214282195EA00F41F27 /* Build configuration list for PBXProject "MoneyBuddy" */;
			compatibilityVersion = "Xcode 13.0";
			developmentRegion = en;
			hasScannedForEncodings = 0;
			knownRegions = (
				en,
				Base,
			);
			mainGroup = 4DA9F210282195EA00F41F27;
			productRefGroup = 4DA9F21A282195EA00F41F27 /* Products */;
			projectDirPath = "";
			projectRoot = "";
			targets = (
				4DA9F218282195EA00F41F27 /* MoneyBuddy */,
				4DA9F228282195ED00F41F27 /* MoneyBuddyTests */,
				4DA9F232282195ED00F41F27 /* MoneyBuddyUITests */,
			);
		};
/* End PBXProject section */

/* Begin PBXResourcesBuildPhase section */
		4DA9F217282195EA00F41F27 /* Resources */ = {
			isa = PBXResourcesBuildPhase;
			buildActionMask = 2147483647;
			files = (
				4DA9F224282195ED00F41F27 /* Preview Assets.xcassets in Resources */,
				4DA9F221282195ED00F41F27 /* Assets.xcassets in Resources */,
			);
			runOnlyForDeploymentPostprocessing = 0;
		};
		4DA9F227282195ED00F41F27 /* Resources */ = {
			isa = PBXResourcesBuildPhase;
			buildActionMask = 2147483647;
			files = (
			);
			runOnlyForDeploymentPostprocessing = 0;
		};
		4DA9F231282195ED00F41F27 /* Resources */ = {
			isa = PBXResourcesBuildPhase;
			buildActionMask = 2147483647;
			files = (
			);
			runOnlyForDeploymentPostprocessing = 0;
		};
/* End PBXResourcesBuildPhase section */

/* Begin PBXSourcesBuildPhase section */
		4DA9F215282195EA00F41F27 /* Sources */ = {
			isa = PBXSourcesBuildPhase;
			buildActionMask = 2147483647;
			files = (
				6C31B2D72827074C003F2AAD /* ExpenditureView.swift in Sources */,
				4DA9F21F282195EA00F41F27 /* ContentView.swift in Sources */,
				4D5A692628274A1500076931 /* ChartView.swift in Sources */,
				552AB49828219884007B6531 /* MonthView.swift in Sources */,
				4DDB4CFE282DE95F00DE1EC6 /* TitleScreenView.swift in Sources */,
				552AB49C282198AE007B6531 /* AddExpenditureView.swift in Sources */,
				6C31B2D9282717BA003F2AAD /* ExpenditureListView.swift in Sources */,
				552AB49E282198C0007B6531 /* ModelData.swift in Sources */,
				4D44BC64282DCFB300C5A1EE /* MoneyBuddyApp.swift in Sources */,
			);
			runOnlyForDeploymentPostprocessing = 0;
		};
		4DA9F225282195ED00F41F27 /* Sources */ = {
			isa = PBXSourcesBuildPhase;
			buildActionMask = 2147483647;
			files = (
				4DA9F22E282195ED00F41F27 /* MoneyBuddyTests.swift in Sources */,
			);
			runOnlyForDeploymentPostprocessing = 0;
		};
		4DA9F22F282195ED00F41F27 /* Sources */ = {
			isa = PBXSourcesBuildPhase;
			buildActionMask = 2147483647;
			files = (
				4DA9F23A282195ED00F41F27 /* MoneyBuddyUITestsLaunchTests.swift in Sources */,
				4DA9F238282195ED00F41F27 /* MoneyBuddyUITests.swift in Sources */,
			);
			runOnlyForDeploymentPostprocessing = 0;
		};
/* End PBXSourcesBuildPhase section */

/* Begin PBXTargetDependency section */
		4DA9F22B282195ED00F41F27 /* PBXTargetDependency */ = {
			isa = PBXTargetDependency;
			target = 4DA9F218282195EA00F41F27 /* MoneyBuddy */;
			targetProxy = 4DA9F22A282195ED00F41F27 /* PBXContainerItemProxy */;
		};
		4DA9F235282195ED00F41F27 /* PBXTargetDependency */ = {
			isa = PBXTargetDependency;
			target = 4DA9F218282195EA00F41F27 /* MoneyBuddy */;
			targetProxy = 4DA9F234282195ED00F41F27 /* PBXContainerItemProxy */;
		};
/* End PBXTargetDependency section */

/* Begin XCBuildConfiguration section */
		4DA9F23B282195ED00F41F27 /* Debug */ = {
			isa = XCBuildConfiguration;
			buildSettings = {
				ALWAYS_SEARCH_USER_PATHS = NO;
				CLANG_ANALYZER_NONNULL = YES;
				CLANG_ANALYZER_NUMBER_OBJECT_CONVERSION = YES_AGGRESSIVE;
				CLANG_CXX_LANGUAGE_STANDARD = "gnu++17";
				CLANG_CXX_LIBRARY = "libc++";
				CLANG_ENABLE_MODULES = YES;
				CLANG_ENABLE_OBJC_ARC = YES;
				CLANG_ENABLE_OBJC_WEAK = YES;
				CLANG_WARN_BLOCK_CAPTURE_AUTORELEASING = YES;
				CLANG_WARN_BOOL_CONVERSION = YES;
				CLANG_WARN_COMMA = YES;
				CLANG_WARN_CONSTANT_CONVERSION = YES;
				CLANG_WARN_DEPRECATED_OBJC_IMPLEMENTATIONS = YES;
				CLANG_WARN_DIRECT_OBJC_ISA_USAGE = YES_ERROR;
				CLANG_WARN_DOCUMENTATION_COMMENTS = YES;
				CLANG_WARN_EMPTY_BODY = YES;
				CLANG_WARN_ENUM_CONVERSION = YES;
				CLANG_WARN_INFINITE_RECURSION = YES;
				CLANG_WARN_INT_CONVERSION = YES;
				CLANG_WARN_NON_LITERAL_NULL_CONVERSION = YES;
				CLANG_WARN_OBJC_IMPLICIT_RETAIN_SELF = YES;
				CLANG_WARN_OBJC_LITERAL_CONVERSION = YES;
				CLANG_WARN_OBJC_ROOT_CLASS = YES_ERROR;
				CLANG_WARN_QUOTED_INCLUDE_IN_FRAMEWORK_HEADER = YES;
				CLANG_WARN_RANGE_LOOP_ANALYSIS = YES;
				CLANG_WARN_STRICT_PROTOTYPES = YES;
				CLANG_WARN_SUSPICIOUS_MOVE = YES;
				CLANG_WARN_UNGUARDED_AVAILABILITY = YES_AGGRESSIVE;
				CLANG_WARN_UNREACHABLE_CODE = YES;
				CLANG_WARN__DUPLICATE_METHOD_MATCH = YES;
				COPY_PHASE_STRIP = NO;
				DEBUG_INFORMATION_FORMAT = dwarf;
				ENABLE_STRICT_OBJC_MSGSEND = YES;
				ENABLE_TESTABILITY = YES;
				GCC_C_LANGUAGE_STANDARD = gnu11;
				GCC_DYNAMIC_NO_PIC = NO;
				GCC_NO_COMMON_BLOCKS = YES;
				GCC_OPTIMIZATION_LEVEL = 0;
				GCC_PREPROCESSOR_DEFINITIONS = (
					"DEBUG=1",
					"$(inherited)",
				);
				GCC_WARN_64_TO_32_BIT_CONVERSION = YES;
				GCC_WARN_ABOUT_RETURN_TYPE = YES_ERROR;
				GCC_WARN_UNDECLARED_SELECTOR = YES;
				GCC_WARN_UNINITIALIZED_AUTOS = YES_AGGRESSIVE;
				GCC_WARN_UNUSED_FUNCTION = YES;
				GCC_WARN_UNUSED_VARIABLE = YES;
				IPHONEOS_DEPLOYMENT_TARGET = 15.2;
				MTL_ENABLE_DEBUG_INFO = INCLUDE_SOURCE;
				MTL_FAST_MATH = YES;
				ONLY_ACTIVE_ARCH = YES;
				SDKROOT = iphoneos;
				SWIFT_ACTIVE_COMPILATION_CONDITIONS = DEBUG;
				SWIFT_OPTIMIZATION_LEVEL = "-Onone";
			};
			name = Debug;
		};
		4DA9F23C282195ED00F41F27 /* Release */ = {
			isa = XCBuildConfiguration;
			buildSettings = {
				ALWAYS_SEARCH_USER_PATHS = NO;
				CLANG_ANALYZER_NONNULL = YES;
				CLANG_ANALYZER_NUMBER_OBJECT_CONVERSION = YES_AGGRESSIVE;
				CLANG_CXX_LANGUAGE_STANDARD = "gnu++17";
				CLANG_CXX_LIBRARY = "libc++";
				CLANG_ENABLE_MODULES = YES;
				CLANG_ENABLE_OBJC_ARC = YES;
				CLANG_ENABLE_OBJC_WEAK = YES;
				CLANG_WARN_BLOCK_CAPTURE_AUTORELEASING = YES;
				CLANG_WARN_BOOL_CONVERSION = YES;
				CLANG_WARN_COMMA = YES;
				CLANG_WARN_CONSTANT_CONVERSION = YES;
				CLANG_WARN_DEPRECATED_OBJC_IMPLEMENTATIONS = YES;
				CLANG_WARN_DIRECT_OBJC_ISA_USAGE = YES_ERROR;
				CLANG_WARN_DOCUMENTATION_COMMENTS = YES;
				CLANG_WARN_EMPTY_BODY = YES;
				CLANG_WARN_ENUM_CONVERSION = YES;
				CLANG_WARN_INFINITE_RECURSION = YES;
				CLANG_WARN_INT_CONVERSION = YES;
				CLANG_WARN_NON_LITERAL_NULL_CONVERSION = YES;
				CLANG_WARN_OBJC_IMPLICIT_RETAIN_SELF = YES;
				CLANG_WARN_OBJC_LITERAL_CONVERSION = YES;
				CLANG_WARN_OBJC_ROOT_CLASS = YES_ERROR;
				CLANG_WARN_QUOTED_INCLUDE_IN_FRAMEWORK_HEADER = YES;
				CLANG_WARN_RANGE_LOOP_ANALYSIS = YES;
				CLANG_WARN_STRICT_PROTOTYPES = YES;
				CLANG_WARN_SUSPICIOUS_MOVE = YES;
				CLANG_WARN_UNGUARDED_AVAILABILITY = YES_AGGRESSIVE;
				CLANG_WARN_UNREACHABLE_CODE = YES;
				CLANG_WARN__DUPLICATE_METHOD_MATCH = YES;
				COPY_PHASE_STRIP = NO;
				DEBUG_INFORMATION_FORMAT = "dwarf-with-dsym";
				ENABLE_NS_ASSERTIONS = NO;
				ENABLE_STRICT_OBJC_MSGSEND = YES;
				GCC_C_LANGUAGE_STANDARD = gnu11;
				GCC_NO_COMMON_BLOCKS = YES;
				GCC_WARN_64_TO_32_BIT_CONVERSION = YES;
				GCC_WARN_ABOUT_RETURN_TYPE = YES_ERROR;
				GCC_WARN_UNDECLARED_SELECTOR = YES;
				GCC_WARN_UNINITIALIZED_AUTOS = YES_AGGRESSIVE;
				GCC_WARN_UNUSED_FUNCTION = YES;
				GCC_WARN_UNUSED_VARIABLE = YES;
				IPHONEOS_DEPLOYMENT_TARGET = 15.2;
				MTL_ENABLE_DEBUG_INFO = NO;
				MTL_FAST_MATH = YES;
				SDKROOT = iphoneos;
				SWIFT_COMPILATION_MODE = wholemodule;
				SWIFT_OPTIMIZATION_LEVEL = "-O";
				VALIDATE_PRODUCT = YES;
			};
			name = Release;
		};
		4DA9F23E282195ED00F41F27 /* Debug */ = {
			isa = XCBuildConfiguration;
			buildSettings = {
				ASSETCATALOG_COMPILER_APPICON_NAME = AppIcon;
				ASSETCATALOG_COMPILER_GLOBAL_ACCENT_COLOR_NAME = AccentColor;
				CODE_SIGN_STYLE = Automatic;
				CURRENT_PROJECT_VERSION = 1;
				DEVELOPMENT_ASSET_PATHS = "\"MoneyBuddy/Preview Content\"";
				DEVELOPMENT_TEAM = F7HB3BXUKP;
				ENABLE_PREVIEWS = YES;
				GENERATE_INFOPLIST_FILE = YES;
				INFOPLIST_KEY_UIApplicationSceneManifest_Generation = YES;
				INFOPLIST_KEY_UIApplicationSupportsIndirectInputEvents = YES;
				INFOPLIST_KEY_UILaunchScreen_Generation = YES;
				INFOPLIST_KEY_UISupportedInterfaceOrientations_iPad = "UIInterfaceOrientationPortrait UIInterfaceOrientationPortraitUpsideDown UIInterfaceOrientationLandscapeLeft UIInterfaceOrientationLandscapeRight";
				INFOPLIST_KEY_UISupportedInterfaceOrientations_iPhone = "UIInterfaceOrientationPortrait UIInterfaceOrientationLandscapeLeft UIInterfaceOrientationLandscapeRight";
				LD_RUNPATH_SEARCH_PATHS = (
					"$(inherited)",
					"@executable_path/Frameworks",
				);
				MARKETING_VERSION = 1.0;
				PRODUCT_BUNDLE_IDENTIFIER = Liam.MoneyBuddy;
				PRODUCT_NAME = "$(TARGET_NAME)";
				SWIFT_EMIT_LOC_STRINGS = YES;
				SWIFT_VERSION = 5.0;
				TARGETED_DEVICE_FAMILY = "1,2";
			};
			name = Debug;
		};
		4DA9F23F282195ED00F41F27 /* Release */ = {
			isa = XCBuildConfiguration;
			buildSettings = {
				ASSETCATALOG_COMPILER_APPICON_NAME = AppIcon;
				ASSETCATALOG_COMPILER_GLOBAL_ACCENT_COLOR_NAME = AccentColor;
				CODE_SIGN_STYLE = Automatic;
				CURRENT_PROJECT_VERSION = 1;
				DEVELOPMENT_ASSET_PATHS = "\"MoneyBuddy/Preview Content\"";
				DEVELOPMENT_TEAM = F7HB3BXUKP;
				ENABLE_PREVIEWS = YES;
				GENERATE_INFOPLIST_FILE = YES;
				INFOPLIST_KEY_UIApplicationSceneManifest_Generation = YES;
				INFOPLIST_KEY_UIApplicationSupportsIndirectInputEvents = YES;
				INFOPLIST_KEY_UILaunchScreen_Generation = YES;
				INFOPLIST_KEY_UISupportedInterfaceOrientations_iPad = "UIInterfaceOrientationPortrait UIInterfaceOrientationPortraitUpsideDown UIInterfaceOrientationLandscapeLeft UIInterfaceOrientationLandscapeRight";
				INFOPLIST_KEY_UISupportedInterfaceOrientations_iPhone = "UIInterfaceOrientationPortrait UIInterfaceOrientationLandscapeLeft UIInterfaceOrientationLandscapeRight";
				LD_RUNPATH_SEARCH_PATHS = (
					"$(inherited)",
					"@executable_path/Frameworks",
				);
				MARKETING_VERSION = 1.0;
				PRODUCT_BUNDLE_IDENTIFIER = Liam.MoneyBuddy;
				PRODUCT_NAME = "$(TARGET_NAME)";
				SWIFT_EMIT_LOC_STRINGS = YES;
				SWIFT_VERSION = 5.0;
				TARGETED_DEVICE_FAMILY = "1,2";
			};
			name = Release;
		};
		4DA9F241282195ED00F41F27 /* Debug */ = {
			isa = XCBuildConfiguration;
			buildSettings = {
				ALWAYS_EMBED_SWIFT_STANDARD_LIBRARIES = YES;
				BUNDLE_LOADER = "$(TEST_HOST)";
				CODE_SIGN_STYLE = Automatic;
				CURRENT_PROJECT_VERSION = 1;
				DEVELOPMENT_TEAM = 25SPL29WYG;
				GENERATE_INFOPLIST_FILE = YES;
				IPHONEOS_DEPLOYMENT_TARGET = 15.2;
				MARKETING_VERSION = 1.0;
				PRODUCT_BUNDLE_IDENTIFIER = ML.MoneyBuddyTests;
				PRODUCT_NAME = "$(TARGET_NAME)";
				SWIFT_EMIT_LOC_STRINGS = NO;
				SWIFT_VERSION = 5.0;
				TARGETED_DEVICE_FAMILY = "1,2";
				TEST_HOST = "$(BUILT_PRODUCTS_DIR)/MoneyBuddy.app/MoneyBuddy";
			};
			name = Debug;
		};
		4DA9F242282195ED00F41F27 /* Release */ = {
			isa = XCBuildConfiguration;
			buildSettings = {
				ALWAYS_EMBED_SWIFT_STANDARD_LIBRARIES = YES;
				BUNDLE_LOADER = "$(TEST_HOST)";
				CODE_SIGN_STYLE = Automatic;
				CURRENT_PROJECT_VERSION = 1;
				DEVELOPMENT_TEAM = 25SPL29WYG;
				GENERATE_INFOPLIST_FILE = YES;
				IPHONEOS_DEPLOYMENT_TARGET = 15.2;
				MARKETING_VERSION = 1.0;
				PRODUCT_BUNDLE_IDENTIFIER = ML.MoneyBuddyTests;
				PRODUCT_NAME = "$(TARGET_NAME)";
				SWIFT_EMIT_LOC_STRINGS = NO;
				SWIFT_VERSION = 5.0;
				TARGETED_DEVICE_FAMILY = "1,2";
				TEST_HOST = "$(BUILT_PRODUCTS_DIR)/MoneyBuddy.app/MoneyBuddy";
			};
			name = Release;
		};
		4DA9F244282195ED00F41F27 /* Debug */ = {
			isa = XCBuildConfiguration;
			buildSettings = {
				ALWAYS_EMBED_SWIFT_STANDARD_LIBRARIES = YES;
				CODE_SIGN_STYLE = Automatic;
				CURRENT_PROJECT_VERSION = 1;
				DEVELOPMENT_TEAM = 25SPL29WYG;
				GENERATE_INFOPLIST_FILE = YES;
				MARKETING_VERSION = 1.0;
				PRODUCT_BUNDLE_IDENTIFIER = ML.MoneyBuddyUITests;
				PRODUCT_NAME = "$(TARGET_NAME)";
				SWIFT_EMIT_LOC_STRINGS = NO;
				SWIFT_VERSION = 5.0;
				TARGETED_DEVICE_FAMILY = "1,2";
				TEST_TARGET_NAME = MoneyBuddy;
			};
			name = Debug;
		};
		4DA9F245282195ED00F41F27 /* Release */ = {
			isa = XCBuildConfiguration;
			buildSettings = {
				ALWAYS_EMBED_SWIFT_STANDARD_LIBRARIES = YES;
				CODE_SIGN_STYLE = Automatic;
				CURRENT_PROJECT_VERSION = 1;
				DEVELOPMENT_TEAM = 25SPL29WYG;
				GENERATE_INFOPLIST_FILE = YES;
				MARKETING_VERSION = 1.0;
				PRODUCT_BUNDLE_IDENTIFIER = ML.MoneyBuddyUITests;
				PRODUCT_NAME = "$(TARGET_NAME)";
				SWIFT_EMIT_LOC_STRINGS = NO;
				SWIFT_VERSION = 5.0;
				TARGETED_DEVICE_FAMILY = "1,2";
				TEST_TARGET_NAME = MoneyBuddy;
			};
			name = Release;
		};
/* End XCBuildConfiguration section */

/* Begin XCConfigurationList section */
		4DA9F214282195EA00F41F27 /* Build configuration list for PBXProject "MoneyBuddy" */ = {
			isa = XCConfigurationList;
			buildConfigurations = (
				4DA9F23B282195ED00F41F27 /* Debug */,
				4DA9F23C282195ED00F41F27 /* Release */,
			);
			defaultConfigurationIsVisible = 0;
			defaultConfigurationName = Release;
		};
		4DA9F23D282195ED00F41F27 /* Build configuration list for PBXNativeTarget "MoneyBuddy" */ = {
			isa = XCConfigurationList;
			buildConfigurations = (
				4DA9F23E282195ED00F41F27 /* Debug */,
				4DA9F23F282195ED00F41F27 /* Release */,
			);
			defaultConfigurationIsVisible = 0;
			defaultConfigurationName = Release;
		};
		4DA9F240282195ED00F41F27 /* Build configuration list for PBXNativeTarget "MoneyBuddyTests" */ = {
			isa = XCConfigurationList;
			buildConfigurations = (
				4DA9F241282195ED00F41F27 /* Debug */,
				4DA9F242282195ED00F41F27 /* Release */,
			);
			defaultConfigurationIsVisible = 0;
			defaultConfigurationName = Release;
		};
		4DA9F243282195ED00F41F27 /* Build configuration list for PBXNativeTarget "MoneyBuddyUITests" */ = {
			isa = XCConfigurationList;
			buildConfigurations = (
				4DA9F244282195ED00F41F27 /* Debug */,
				4DA9F245282195ED00F41F27 /* Release */,
			);
			defaultConfigurationIsVisible = 0;
			defaultConfigurationName = Release;
		};
/* End XCConfigurationList section */
	};
	rootObject = 4DA9F211282195EA00F41F27 /* Project object */;
}
